
Microsoft Visual Studio Solution File, Format Version 12.00
# Visual Studio 14
VisualStudioVersion = 14.0.25420.1
MinimumVisualStudioVersion = 10.0.40219.1
Project("{2150E333-8FDC-42A3-9474-1A3956D46DE8}") = "UI", "UI", "{4B0FCA79-54FF-4BDB-8E37-FC1A56C72001}"
EndProject
Project("{FAE04EC0-301F-11D3-BF4B-00C04F79EFBC}") = "WebApiNewPruebaNewShore", "WebApiNewPruebaNewShore\WebApiNewPruebaNewShore.csproj", "{AF704429-04D9-4906-B2AF-49A561F8AE36}"
EndProject
Project("{2150E333-8FDC-42A3-9474-1A3956D46DE8}") = "Dominio", "Dominio", "{B4056E88-8A54-488A-8D2D-0D8BAF69FD72}"
EndProject
Project("{FAE04EC0-301F-11D3-BF4B-00C04F79EFBC}") = "Entidades", "Entidades\Entidades.csproj", "{6E396536-5ED2-4A7B-BAFE-BFAB0A3D1DF9}"
EndProject
Project("{2150E333-8FDC-42A3-9474-1A3956D46DE8}") = "API", "API", "{0482B668-2485-484A-9432-0B3DFCC8B867}"
EndProject
Project("{2150E333-8FDC-42A3-9474-1A3956D46DE8}") = "ClienteAngular", "ClienteAngular", "{9FBC5CA0-5DB9-47AC-8455-EE0886817D88}"
EndProject
Project("{2150E333-8FDC-42A3-9474-1A3956D46DE8}") = "Servicios", "Servicios", "{5ACD75BC-E03A-42C3-96CB-E5ED9901E89D}"
EndProject
Project("{2150E333-8FDC-42A3-9474-1A3956D46DE8}") = "Aplicacion", "Aplicacion", "{2BC96DE4-8A06-453E-8ABE-75AAED656230}"
EndProject
Project("{FAE04EC0-301F-11D3-BF4B-00C04F79EFBC}") = "Servicios", "Servicios\Servicios.csproj", "{8FE735F7-B4BE-4A6B-AB37-BAB64C8ED592}"
EndProject
Project("{FAE04EC0-301F-11D3-BF4B-00C04F79EFBC}") = "Aplicacion", "Aplicacion\Aplicacion.csproj", "{18D28A4E-4D25-4220-A74F-0A255CAC3D15}"
EndProject
Project("{FAE04EC0-301F-11D3-BF4B-00C04F79EFBC}") = "ClienteAngular6", "ClienteAngular6\ClienteAngular6.csproj", "{34E10DDF-56AA-4E3A-84F9-02116FA30BE5}"
EndProject
Global
	GlobalSection(SolutionConfigurationPlatforms) = preSolution
		Debug|Any CPU = Debug|Any CPU
		Release|Any CPU = Release|Any CPU
	EndGlobalSection
	GlobalSection(ProjectConfigurationPlatforms) = postSolution
		{AF704429-04D9-4906-B2AF-49A561F8AE36}.Debug|Any CPU.ActiveCfg = Debug|Any CPU
		{AF704429-04D9-4906-B2AF-49A561F8AE36}.Debug|Any CPU.Build.0 = Debug|Any CPU
		{AF704429-04D9-4906-B2AF-49A561F8AE36}.Release|Any CPU.ActiveCfg = Release|Any CPU
		{AF704429-04D9-4906-B2AF-49A561F8AE36}.Release|Any CPU.Build.0 = Release|Any CPU
		{6E396536-5ED2-4A7B-BAFE-BFAB0A3D1DF9}.Debug|Any CPU.ActiveCfg = Debug|Any CPU
		{6E396536-5ED2-4A7B-BAFE-BFAB0A3D1DF9}.Debug|Any CPU.Build.0 = Debug|Any CPU
		{6E396536-5ED2-4A7B-BAFE-BFAB0A3D1DF9}.Release|Any CPU.ActiveCfg = Release|Any CPU
		{6E396536-5ED2-4A7B-BAFE-BFAB0A3D1DF9}.Release|Any CPU.Build.0 = Release|Any CPU
		{8FE735F7-B4BE-4A6B-AB37-BAB64C8ED592}.Debug|Any CPU.ActiveCfg = Debug|Any CPU
		{8FE735F7-B4BE-4A6B-AB37-BAB64C8ED592}.Debug|Any CPU.Build.0 = Debug|Any CPU
		{8FE735F7-B4BE-4A6B-AB37-BAB64C8ED592}.Release|Any CPU.ActiveCfg = Release|Any CPU
		{8FE735F7-B4BE-4A6B-AB37-BAB64C8ED592}.Release|Any CPU.Build.0 = Release|Any CPU
		{18D28A4E-4D25-4220-A74F-0A255CAC3D15}.Debug|Any CPU.ActiveCfg = Debug|Any CPU
		{18D28A4E-4D25-4220-A74F-0A255CAC3D15}.Debug|Any CPU.Build.0 = Debug|Any CPU
		{18D28A4E-4D25-4220-A74F-0A255CAC3D15}.Release|Any CPU.ActiveCfg = Release|Any CPU
		{18D28A4E-4D25-4220-A74F-0A255CAC3D15}.Release|Any CPU.Build.0 = Release|Any CPU
		{34E10DDF-56AA-4E3A-84F9-02116FA30BE5}.Debug|Any CPU.ActiveCfg = Debug|Any CPU
		{34E10DDF-56AA-4E3A-84F9-02116FA30BE5}.Debug|Any CPU.Build.0 = Debug|Any CPU
		{34E10DDF-56AA-4E3A-84F9-02116FA30BE5}.Release|Any CPU.ActiveCfg = Release|Any CPU
		{34E10DDF-56AA-4E3A-84F9-02116FA30BE5}.Release|Any CPU.Build.0 = Release|Any CPU
	EndGlobalSection
	GlobalSection(SolutionProperties) = preSolution
		HideSolutionNode = FALSE
	EndGlobalSection
	GlobalSection(NestedProjects) = preSolution
		{AF704429-04D9-4906-B2AF-49A561F8AE36} = {0482B668-2485-484A-9432-0B3DFCC8B867}
		{6E396536-5ED2-4A7B-BAFE-BFAB0A3D1DF9} = {B4056E88-8A54-488A-8D2D-0D8BAF69FD72}
		{0482B668-2485-484A-9432-0B3DFCC8B867} = {4B0FCA79-54FF-4BDB-8E37-FC1A56C72001}
		{9FBC5CA0-5DB9-47AC-8455-EE0886817D88} = {4B0FCA79-54FF-4BDB-8E37-FC1A56C72001}
		{8FE735F7-B4BE-4A6B-AB37-BAB64C8ED592} = {5ACD75BC-E03A-42C3-96CB-E5ED9901E89D}
		{18D28A4E-4D25-4220-A74F-0A255CAC3D15} = {2BC96DE4-8A06-453E-8ABE-75AAED656230}
		{34E10DDF-56AA-4E3A-84F9-02116FA30BE5} = {9FBC5CA0-5DB9-47AC-8455-EE0886817D88}
	EndGlobalSection
EndGlobal
